// !$*UTF8*$!
{
	archiveVersion = 1;
	classes = {
	};
	objectVersion = 51;
	objects = {

/* Begin PBXBuildFile section */
		2756B46026536069005A4F60 /* LoginViewController.swift in Sources */ = {isa = PBXBuildFile; fileRef = 2756B45F26536069005A4F60 /* LoginViewController.swift */; };
		2756B465265658AE005A4F60 /* RegisterViewController.swift in Sources */ = {isa = PBXBuildFile; fileRef = 2756B464265658AE005A4F60 /* RegisterViewController.swift */; };
		2756B4682657A15D005A4F60 /* BKPagingSlider.swift in Sources */ = {isa = PBXBuildFile; fileRef = 2756B4672657A15D005A4F60 /* BKPagingSlider.swift */; };
		2756B46A265B3D7F005A4F60 /* RegisterCodeViewController.swift in Sources */ = {isa = PBXBuildFile; fileRef = 2756B469265B3D7F005A4F60 /* RegisterCodeViewController.swift */; };
		2756B46C265B4655005A4F60 /* RegisterCompleteViewController.swift in Sources */ = {isa = PBXBuildFile; fileRef = 2756B46B265B4655005A4F60 /* RegisterCompleteViewController.swift */; };
		6E0FB100261FE73300D00951 /* AnotherViewModeling.swift in Sources */ = {isa = PBXBuildFile; fileRef = 6E0FB0FF261FE73300D00951 /* AnotherViewModeling.swift */; };
		6E0FB104261FE74900D00951 /* AnotherViewModel.swift in Sources */ = {isa = PBXBuildFile; fileRef = 6E0FB103261FE74900D00951 /* AnotherViewModel.swift */; };
		6E0FB109261FF0E700D00951 /* AlamoViewModeling.swift in Sources */ = {isa = PBXBuildFile; fileRef = 6E0FB108261FF0E700D00951 /* AlamoViewModeling.swift */; };
		6E0FB10E261FF22D00D00951 /* AlamoViewModel.swift in Sources */ = {isa = PBXBuildFile; fileRef = 6E0FB10D261FF22D00D00951 /* AlamoViewModel.swift */; };
		6E465D2126143A9F00F43C87 /* AppDelegate.swift in Sources */ = {isa = PBXBuildFile; fileRef = 6E465D2026143A9F00F43C87 /* AppDelegate.swift */; };
		6E465D2326143A9F00F43C87 /* SceneDelegate.swift in Sources */ = {isa = PBXBuildFile; fileRef = 6E465D2226143A9F00F43C87 /* SceneDelegate.swift */; };
		6E465D2526143A9F00F43C87 /* AnotherViewController.swift in Sources */ = {isa = PBXBuildFile; fileRef = 6E465D2426143A9F00F43C87 /* AnotherViewController.swift */; };
		6E465D2826143A9F00F43C87 /* Main.storyboard in Resources */ = {isa = PBXBuildFile; fileRef = 6E465D2626143A9F00F43C87 /* Main.storyboard */; };
		6E465D2A26143A9F00F43C87 /* Assets.xcassets in Resources */ = {isa = PBXBuildFile; fileRef = 6E465D2926143A9F00F43C87 /* Assets.xcassets */; };
		6E465D2D26143A9F00F43C87 /* LaunchScreen.storyboard in Resources */ = {isa = PBXBuildFile; fileRef = 6E465D2B26143A9F00F43C87 /* LaunchScreen.storyboard */; };
		6E61C6D4261D490F00A37227 /* ViewModelAssembly.swift in Sources */ = {isa = PBXBuildFile; fileRef = 6E61C6D3261D490F00A37227 /* ViewModelAssembly.swift */; };
		6E61C6D7261D4A2500A37227 /* DependencyProvider.swift in Sources */ = {isa = PBXBuildFile; fileRef = 6E61C6D6261D4A2500A37227 /* DependencyProvider.swift */; };
		6E61C6DB261D504F00A37227 /* ModelAssembly.swift in Sources */ = {isa = PBXBuildFile; fileRef = 6E61C6DA261D504F00A37227 /* ModelAssembly.swift */; };
		6E61C6DE261D505D00A37227 /* ViewAssembly.swift in Sources */ = {isa = PBXBuildFile; fileRef = 6E61C6DD261D505D00A37227 /* ViewAssembly.swift */; };
		6E673BA226156A08006F7619 /* APIResponse.swift in Sources */ = {isa = PBXBuildFile; fileRef = 6E673B9E26156A08006F7619 /* APIResponse.swift */; };
		6E673BA326156A08006F7619 /* AlamoNetwork.swift in Sources */ = {isa = PBXBuildFile; fileRef = 6E673BA026156A08006F7619 /* AlamoNetwork.swift */; };
		6E673BA426156A08006F7619 /* AlamoNetworking.swift in Sources */ = {isa = PBXBuildFile; fileRef = 6E673BA126156A08006F7619 /* AlamoNetworking.swift */; };
		6E673BA826156AA6006F7619 /* AlamoViewController.swift in Sources */ = {isa = PBXBuildFile; fileRef = 6E673BA726156AA6006F7619 /* AlamoViewController.swift */; };
		6E673BAF2615B1AA006F7619 /* HelperAssembly.swift in Sources */ = {isa = PBXBuildFile; fileRef = 6E673BAE2615B1AA006F7619 /* HelperAssembly.swift */; };
		6E8D5A0F26252A42001A0E5B /* GeotificationsViewController.swift in Sources */ = {isa = PBXBuildFile; fileRef = 6E8D5A0E26252A42001A0E5B /* GeotificationsViewController.swift */; };
		6E8D5A1226252A5A001A0E5B /* GeotificationsViewModeling.swift in Sources */ = {isa = PBXBuildFile; fileRef = 6E8D5A1126252A5A001A0E5B /* GeotificationsViewModeling.swift */; };
		6E8D5A1526252A67001A0E5B /* GeotificationsViewModel.swift in Sources */ = {isa = PBXBuildFile; fileRef = 6E8D5A1426252A67001A0E5B /* GeotificationsViewModel.swift */; };
		6E8D5A1826252E6B001A0E5B /* PreferencesKeys.swift in Sources */ = {isa = PBXBuildFile; fileRef = 6E8D5A1726252E6B001A0E5B /* PreferencesKeys.swift */; };
		6E8D5A1B26253C2F001A0E5B /* Geotification.swift in Sources */ = {isa = PBXBuildFile; fileRef = 6E8D5A1A26253C2F001A0E5B /* Geotification.swift */; };
		6E8D5A2026253FE6001A0E5B /* AddGeotificationViewController.swift in Sources */ = {isa = PBXBuildFile; fileRef = 6E8D5A1F26253FE6001A0E5B /* AddGeotificationViewController.swift */; };
		6E8D5A232625401D001A0E5B /* AddGeotificationViewModeling.swift in Sources */ = {isa = PBXBuildFile; fileRef = 6E8D5A222625401C001A0E5B /* AddGeotificationViewModeling.swift */; };
		6E8D5A2626254026001A0E5B /* AddGeotificationViewModel.swift in Sources */ = {isa = PBXBuildFile; fileRef = 6E8D5A2526254026001A0E5B /* AddGeotificationViewModel.swift */; };
		6E8D5A2926258A11001A0E5B /* Utilities.swift in Sources */ = {isa = PBXBuildFile; fileRef = 6E8D5A2826258A11001A0E5B /* Utilities.swift */; };
		81263A6388B962506EFC0308 /* Pods_DI_Test.framework in Frameworks */ = {isa = PBXBuildFile; fileRef = 136CC79F989067A2F3D4547D /* Pods_DI_Test.framework */; };
/* End PBXBuildFile section */

/* Begin PBXFileReference section */
		136CC79F989067A2F3D4547D /* Pods_DI_Test.framework */ = {isa = PBXFileReference; explicitFileType = wrapper.framework; includeInIndex = 0; path = Pods_DI_Test.framework; sourceTree = BUILT_PRODUCTS_DIR; };
		2756B45F26536069005A4F60 /* LoginViewController.swift */ = {isa = PBXFileReference; lastKnownFileType = sourcecode.swift; path = LoginViewController.swift; sourceTree = "<group>"; };
		2756B464265658AE005A4F60 /* RegisterViewController.swift */ = {isa = PBXFileReference; lastKnownFileType = sourcecode.swift; path = RegisterViewController.swift; sourceTree = "<group>"; };
		2756B4672657A15D005A4F60 /* BKPagingSlider.swift */ = {isa = PBXFileReference; fileEncoding = 4; lastKnownFileType = sourcecode.swift; name = BKPagingSlider.swift; path = ../../../BKStepperProgress/BKPagingSlider/BKPagingSlider.swift; sourceTree = "<group>"; };
		2756B469265B3D7F005A4F60 /* RegisterCodeViewController.swift */ = {isa = PBXFileReference; lastKnownFileType = sourcecode.swift; path = RegisterCodeViewController.swift; sourceTree = "<group>"; };
		2756B46B265B4655005A4F60 /* RegisterCompleteViewController.swift */ = {isa = PBXFileReference; lastKnownFileType = sourcecode.swift; path = RegisterCompleteViewController.swift; sourceTree = "<group>"; };
		331D724BB8A088D44402F043 /* Pods-DI_Test.release.xcconfig */ = {isa = PBXFileReference; includeInIndex = 1; lastKnownFileType = text.xcconfig; name = "Pods-DI_Test.release.xcconfig"; path = "Target Support Files/Pods-DI_Test/Pods-DI_Test.release.xcconfig"; sourceTree = "<group>"; };
		6A2CE8AFE850C89B46B15B36 /* Pods-DI_Test.debug.xcconfig */ = {isa = PBXFileReference; includeInIndex = 1; lastKnownFileType = text.xcconfig; name = "Pods-DI_Test.debug.xcconfig"; path = "Target Support Files/Pods-DI_Test/Pods-DI_Test.debug.xcconfig"; sourceTree = "<group>"; };
		6E0FB0FF261FE73300D00951 /* AnotherViewModeling.swift */ = {isa = PBXFileReference; lastKnownFileType = sourcecode.swift; path = AnotherViewModeling.swift; sourceTree = "<group>"; };
		6E0FB103261FE74900D00951 /* AnotherViewModel.swift */ = {isa = PBXFileReference; lastKnownFileType = sourcecode.swift; path = AnotherViewModel.swift; sourceTree = "<group>"; };
		6E0FB108261FF0E700D00951 /* AlamoViewModeling.swift */ = {isa = PBXFileReference; lastKnownFileType = sourcecode.swift; path = AlamoViewModeling.swift; sourceTree = "<group>"; };
		6E0FB10D261FF22D00D00951 /* AlamoViewModel.swift */ = {isa = PBXFileReference; lastKnownFileType = sourcecode.swift; path = AlamoViewModel.swift; sourceTree = "<group>"; };
		6E465D1D26143A9F00F43C87 /* DI_Test.app */ = {isa = PBXFileReference; explicitFileType = wrapper.application; includeInIndex = 0; path = DI_Test.app; sourceTree = BUILT_PRODUCTS_DIR; };
		6E465D2026143A9F00F43C87 /* AppDelegate.swift */ = {isa = PBXFileReference; lastKnownFileType = sourcecode.swift; path = AppDelegate.swift; sourceTree = "<group>"; };
		6E465D2226143A9F00F43C87 /* SceneDelegate.swift */ = {isa = PBXFileReference; lastKnownFileType = sourcecode.swift; path = SceneDelegate.swift; sourceTree = "<group>"; };
		6E465D2426143A9F00F43C87 /* AnotherViewController.swift */ = {isa = PBXFileReference; lastKnownFileType = sourcecode.swift; path = AnotherViewController.swift; sourceTree = "<group>"; };
		6E465D2726143A9F00F43C87 /* Base */ = {isa = PBXFileReference; lastKnownFileType = file.storyboard; name = Base; path = Base.lproj/Main.storyboard; sourceTree = "<group>"; };
		6E465D2926143A9F00F43C87 /* Assets.xcassets */ = {isa = PBXFileReference; lastKnownFileType = folder.assetcatalog; path = Assets.xcassets; sourceTree = "<group>"; };
		6E465D2C26143A9F00F43C87 /* Base */ = {isa = PBXFileReference; lastKnownFileType = file.storyboard; name = Base; path = Base.lproj/LaunchScreen.storyboard; sourceTree = "<group>"; };
		6E465D2E26143A9F00F43C87 /* Info.plist */ = {isa = PBXFileReference; lastKnownFileType = text.plist.xml; path = Info.plist; sourceTree = "<group>"; };
		6E61C6D3261D490F00A37227 /* ViewModelAssembly.swift */ = {isa = PBXFileReference; lastKnownFileType = sourcecode.swift; path = ViewModelAssembly.swift; sourceTree = "<group>"; };
		6E61C6D6261D4A2500A37227 /* DependencyProvider.swift */ = {isa = PBXFileReference; lastKnownFileType = sourcecode.swift; path = DependencyProvider.swift; sourceTree = "<group>"; };
		6E61C6DA261D504F00A37227 /* ModelAssembly.swift */ = {isa = PBXFileReference; lastKnownFileType = sourcecode.swift; path = ModelAssembly.swift; sourceTree = "<group>"; };
		6E61C6DD261D505D00A37227 /* ViewAssembly.swift */ = {isa = PBXFileReference; lastKnownFileType = sourcecode.swift; path = ViewAssembly.swift; sourceTree = "<group>"; };
		6E673B9E26156A08006F7619 /* APIResponse.swift */ = {isa = PBXFileReference; fileEncoding = 4; lastKnownFileType = sourcecode.swift; path = APIResponse.swift; sourceTree = "<group>"; };
		6E673BA026156A08006F7619 /* AlamoNetwork.swift */ = {isa = PBXFileReference; fileEncoding = 4; lastKnownFileType = sourcecode.swift; path = AlamoNetwork.swift; sourceTree = "<group>"; };
		6E673BA126156A08006F7619 /* AlamoNetworking.swift */ = {isa = PBXFileReference; fileEncoding = 4; lastKnownFileType = sourcecode.swift; path = AlamoNetworking.swift; sourceTree = "<group>"; };
		6E673BA726156AA6006F7619 /* AlamoViewController.swift */ = {isa = PBXFileReference; lastKnownFileType = sourcecode.swift; path = AlamoViewController.swift; sourceTree = "<group>"; };
		6E673BAE2615B1AA006F7619 /* HelperAssembly.swift */ = {isa = PBXFileReference; lastKnownFileType = sourcecode.swift; path = HelperAssembly.swift; sourceTree = "<group>"; };
		6E8D5A0E26252A42001A0E5B /* GeotificationsViewController.swift */ = {isa = PBXFileReference; lastKnownFileType = sourcecode.swift; path = GeotificationsViewController.swift; sourceTree = "<group>"; };
		6E8D5A1126252A5A001A0E5B /* GeotificationsViewModeling.swift */ = {isa = PBXFileReference; lastKnownFileType = sourcecode.swift; path = GeotificationsViewModeling.swift; sourceTree = "<group>"; };
		6E8D5A1426252A67001A0E5B /* GeotificationsViewModel.swift */ = {isa = PBXFileReference; lastKnownFileType = sourcecode.swift; path = GeotificationsViewModel.swift; sourceTree = "<group>"; };
		6E8D5A1726252E6B001A0E5B /* PreferencesKeys.swift */ = {isa = PBXFileReference; lastKnownFileType = sourcecode.swift; path = PreferencesKeys.swift; sourceTree = "<group>"; };
		6E8D5A1A26253C2F001A0E5B /* Geotification.swift */ = {isa = PBXFileReference; lastKnownFileType = sourcecode.swift; path = Geotification.swift; sourceTree = "<group>"; };
		6E8D5A1F26253FE6001A0E5B /* AddGeotificationViewController.swift */ = {isa = PBXFileReference; lastKnownFileType = sourcecode.swift; path = AddGeotificationViewController.swift; sourceTree = "<group>"; };
		6E8D5A222625401C001A0E5B /* AddGeotificationViewModeling.swift */ = {isa = PBXFileReference; lastKnownFileType = sourcecode.swift; path = AddGeotificationViewModeling.swift; sourceTree = "<group>"; };
		6E8D5A2526254026001A0E5B /* AddGeotificationViewModel.swift */ = {isa = PBXFileReference; lastKnownFileType = sourcecode.swift; path = AddGeotificationViewModel.swift; sourceTree = "<group>"; };
		6E8D5A2826258A11001A0E5B /* Utilities.swift */ = {isa = PBXFileReference; lastKnownFileType = sourcecode.swift; path = Utilities.swift; sourceTree = "<group>"; };
/* End PBXFileReference section */

/* Begin PBXFrameworksBuildPhase section */
		6E465D1A26143A9F00F43C87 /* Frameworks */ = {
			isa = PBXFrameworksBuildPhase;
			buildActionMask = 2147483647;
			files = (
				81263A6388B962506EFC0308 /* Pods_DI_Test.framework in Frameworks */,
			);
			runOnlyForDeploymentPostprocessing = 0;
		};
/* End PBXFrameworksBuildPhase section */

/* Begin PBXGroup section */
		2756B4662657A12C005A4F60 /* Custom */ = {
			isa = PBXGroup;
			children = (
				2756B4672657A15D005A4F60 /* BKPagingSlider.swift */,
			);
			path = Custom;
			sourceTree = "<group>";
		};
		6E465D1426143A9F00F43C87 = {
			isa = PBXGroup;
			children = (
				6E465D1F26143A9F00F43C87 /* DI_Test */,
				6E465D1E26143A9F00F43C87 /* Products */,
				C5B494A3ECED7B18DBC8EF2A /* Pods */,
				D306E7F436D576E5C0AABCD9 /* Frameworks */,
			);
			sourceTree = "<group>";
		};
		6E465D1E26143A9F00F43C87 /* Products */ = {
			isa = PBXGroup;
			children = (
				6E465D1D26143A9F00F43C87 /* DI_Test.app */,
			);
			name = Products;
			sourceTree = "<group>";
		};
		6E465D1F26143A9F00F43C87 /* DI_Test */ = {
			isa = PBXGroup;
			children = (
				2756B4662657A12C005A4F60 /* Custom */,
				6E61C6E0261D50A800A37227 /* di */,
				6E673B9F26156A08006F7619 /* Ext */,
				6E673B9D26156A08006F7619 /* Model */,
				6E5D8B80261C51A100C43E5F /* ViewModel */,
				6E5D8B81261C51AE00C43E5F /* View */,
				6E5D8B8A261C531200C43E5F /* App */,
				6E465D2626143A9F00F43C87 /* Main.storyboard */,
				6E465D2926143A9F00F43C87 /* Assets.xcassets */,
				6E465D2B26143A9F00F43C87 /* LaunchScreen.storyboard */,
				6E465D2E26143A9F00F43C87 /* Info.plist */,
			);
			path = DI_Test;
			sourceTree = "<group>";
		};
		6E5D8B80261C51A100C43E5F /* ViewModel */ = {
			isa = PBXGroup;
			children = (
				6E0FB0FF261FE73300D00951 /* AnotherViewModeling.swift */,
				6E0FB103261FE74900D00951 /* AnotherViewModel.swift */,
				6E0FB108261FF0E700D00951 /* AlamoViewModeling.swift */,
				6E0FB10D261FF22D00D00951 /* AlamoViewModel.swift */,
				6E8D5A1126252A5A001A0E5B /* GeotificationsViewModeling.swift */,
				6E8D5A1426252A67001A0E5B /* GeotificationsViewModel.swift */,
				6E8D5A222625401C001A0E5B /* AddGeotificationViewModeling.swift */,
				6E8D5A2526254026001A0E5B /* AddGeotificationViewModel.swift */,
			);
			path = ViewModel;
			sourceTree = "<group>";
		};
		6E5D8B81261C51AE00C43E5F /* View */ = {
			isa = PBXGroup;
			children = (
				6E673BA726156AA6006F7619 /* AlamoViewController.swift */,
				6E465D2426143A9F00F43C87 /* AnotherViewController.swift */,
				6E8D5A0E26252A42001A0E5B /* GeotificationsViewController.swift */,
				6E8D5A1F26253FE6001A0E5B /* AddGeotificationViewController.swift */,
				2756B45F26536069005A4F60 /* LoginViewController.swift */,
				2756B464265658AE005A4F60 /* RegisterViewController.swift */,
				2756B469265B3D7F005A4F60 /* RegisterCodeViewController.swift */,
				2756B46B265B4655005A4F60 /* RegisterCompleteViewController.swift */,
			);
			path = View;
			sourceTree = "<group>";
		};
		6E5D8B8A261C531200C43E5F /* App */ = {
			isa = PBXGroup;
			children = (
				6E465D2026143A9F00F43C87 /* AppDelegate.swift */,
				6E465D2226143A9F00F43C87 /* SceneDelegate.swift */,
			);
			path = App;
			sourceTree = "<group>";
		};
		6E61C6E0261D50A800A37227 /* di */ = {
			isa = PBXGroup;
			children = (
				6E61C6D6261D4A2500A37227 /* DependencyProvider.swift */,
				6E61C6D3261D490F00A37227 /* ViewModelAssembly.swift */,
				6E61C6DA261D504F00A37227 /* ModelAssembly.swift */,
				6E61C6DD261D505D00A37227 /* ViewAssembly.swift */,
				6E673BAE2615B1AA006F7619 /* HelperAssembly.swift */,
			);
			path = di;
			sourceTree = "<group>";
		};
		6E673B9D26156A08006F7619 /* Model */ = {
			isa = PBXGroup;
			children = (
				6E8D5A1A26253C2F001A0E5B /* Geotification.swift */,
				6E673B9E26156A08006F7619 /* APIResponse.swift */,
				6E8D5A1726252E6B001A0E5B /* PreferencesKeys.swift */,
			);
			path = Model;
			sourceTree = "<group>";
		};
		6E673B9F26156A08006F7619 /* Ext */ = {
			isa = PBXGroup;
			children = (
				6E8D5A2826258A11001A0E5B /* Utilities.swift */,
				6E673BA026156A08006F7619 /* AlamoNetwork.swift */,
				6E673BA126156A08006F7619 /* AlamoNetworking.swift */,
			);
			path = Ext;
			sourceTree = "<group>";
		};
		C5B494A3ECED7B18DBC8EF2A /* Pods */ = {
			isa = PBXGroup;
			children = (
				6A2CE8AFE850C89B46B15B36 /* Pods-DI_Test.debug.xcconfig */,
				331D724BB8A088D44402F043 /* Pods-DI_Test.release.xcconfig */,
			);
			path = Pods;
			sourceTree = "<group>";
		};
		D306E7F436D576E5C0AABCD9 /* Frameworks */ = {
			isa = PBXGroup;
			children = (
				136CC79F989067A2F3D4547D /* Pods_DI_Test.framework */,
			);
			name = Frameworks;
			sourceTree = "<group>";
		};
/* End PBXGroup section */

/* Begin PBXNativeTarget section */
		6E465D1C26143A9F00F43C87 /* DI_Test */ = {
			isa = PBXNativeTarget;
			buildConfigurationList = 6E465D3126143A9F00F43C87 /* Build configuration list for PBXNativeTarget "DI_Test" */;
			buildPhases = (
				E8DCAA798F454A52420322B7 /* [CP] Check Pods Manifest.lock */,
				6E465D1926143A9F00F43C87 /* Sources */,
				6E465D1A26143A9F00F43C87 /* Frameworks */,
				6E465D1B26143A9F00F43C87 /* Resources */,
				FCBFFD306B66D3E3855562D6 /* [CP] Embed Pods Frameworks */,
			);
			buildRules = (
			);
			dependencies = (
			);
			name = DI_Test;
			productName = DI_Test;
			productReference = 6E465D1D26143A9F00F43C87 /* DI_Test.app */;
			productType = "com.apple.product-type.application";
		};
/* End PBXNativeTarget section */

/* Begin PBXProject section */
		6E465D1526143A9F00F43C87 /* Project object */ = {
			isa = PBXProject;
			attributes = {
				LastSwiftUpdateCheck = 1240;
				LastUpgradeCheck = 1240;
				TargetAttributes = {
					6E465D1C26143A9F00F43C87 = {
						CreatedOnToolsVersion = 12.4;
					};
				};
			};
			buildConfigurationList = 6E465D1826143A9F00F43C87 /* Build configuration list for PBXProject "DI_Test" */;
			compatibilityVersion = "Xcode 9.3";
			developmentRegion = en;
			hasScannedForEncodings = 0;
			knownRegions = (
				en,
				Base,
			);
			mainGroup = 6E465D1426143A9F00F43C87;
			productRefGroup = 6E465D1E26143A9F00F43C87 /* Products */;
			projectDirPath = "";
			projectRoot = "";
			targets = (
				6E465D1C26143A9F00F43C87 /* DI_Test */,
			);
		};
/* End PBXProject section */

/* Begin PBXResourcesBuildPhase section */
		6E465D1B26143A9F00F43C87 /* Resources */ = {
			isa = PBXResourcesBuildPhase;
			buildActionMask = 2147483647;
			files = (
				6E465D2D26143A9F00F43C87 /* LaunchScreen.storyboard in Resources */,
				6E465D2A26143A9F00F43C87 /* Assets.xcassets in Resources */,
				6E465D2826143A9F00F43C87 /* Main.storyboard in Resources */,
			);
			runOnlyForDeploymentPostprocessing = 0;
		};
/* End PBXResourcesBuildPhase section */

/* Begin PBXShellScriptBuildPhase section */
		E8DCAA798F454A52420322B7 /* [CP] Check Pods Manifest.lock */ = {
			isa = PBXShellScriptBuildPhase;
			buildActionMask = 2147483647;
			files = (
			);
			inputFileListPaths = (
			);
			inputPaths = (
				"${PODS_PODFILE_DIR_PATH}/Podfile.lock",
				"${PODS_ROOT}/Manifest.lock",
			);
			name = "[CP] Check Pods Manifest.lock";
			outputFileListPaths = (
			);
			outputPaths = (
				"$(DERIVED_FILE_DIR)/Pods-DI_Test-checkManifestLockResult.txt",
			);
			runOnlyForDeploymentPostprocessing = 0;
			shellPath = /bin/sh;
			shellScript = "diff \"${PODS_PODFILE_DIR_PATH}/Podfile.lock\" \"${PODS_ROOT}/Manifest.lock\" > /dev/null\nif [ $? != 0 ] ; then\n    # print error to STDERR\n    echo \"error: The sandbox is not in sync with the Podfile.lock. Run 'pod install' or update your CocoaPods installation.\" >&2\n    exit 1\nfi\n# This output is used by Xcode 'outputs' to avoid re-running this script phase.\necho \"SUCCESS\" > \"${SCRIPT_OUTPUT_FILE_0}\"\n";
			showEnvVarsInLog = 0;
		};
		FCBFFD306B66D3E3855562D6 /* [CP] Embed Pods Frameworks */ = {
			isa = PBXShellScriptBuildPhase;
			buildActionMask = 2147483647;
			files = (
			);
			inputFileListPaths = (
				"${PODS_ROOT}/Target Support Files/Pods-DI_Test/Pods-DI_Test-frameworks-${CONFIGURATION}-input-files.xcfilelist",
			);
			name = "[CP] Embed Pods Frameworks";
			outputFileListPaths = (
				"${PODS_ROOT}/Target Support Files/Pods-DI_Test/Pods-DI_Test-frameworks-${CONFIGURATION}-output-files.xcfilelist",
			);
			runOnlyForDeploymentPostprocessing = 0;
			shellPath = /bin/sh;
			shellScript = "\"${PODS_ROOT}/Target Support Files/Pods-DI_Test/Pods-DI_Test-frameworks.sh\"\n";
			showEnvVarsInLog = 0;
		};
/* End PBXShellScriptBuildPhase section */

/* Begin PBXSourcesBuildPhase section */
		6E465D1926143A9F00F43C87 /* Sources */ = {
			isa = PBXSourcesBuildPhase;
			buildActionMask = 2147483647;
			files = (
				2756B46A265B3D7F005A4F60 /* RegisterCodeViewController.swift in Sources */,
				2756B465265658AE005A4F60 /* RegisterViewController.swift in Sources */,
				2756B46026536069005A4F60 /* LoginViewController.swift in Sources */,
				6E673BA426156A08006F7619 /* AlamoNetworking.swift in Sources */,
				6E0FB109261FF0E700D00951 /* AlamoViewModeling.swift in Sources */,
				6E0FB104261FE74900D00951 /* AnotherViewModel.swift in Sources */,
				6E8D5A1B26253C2F001A0E5B /* Geotification.swift in Sources */,
				6E673BA826156AA6006F7619 /* AlamoViewController.swift in Sources */,
				6E8D5A232625401D001A0E5B /* AddGeotificationViewModeling.swift in Sources */,
				6E8D5A1526252A67001A0E5B /* GeotificationsViewModel.swift in Sources */,
				6E465D2526143A9F00F43C87 /* AnotherViewController.swift in Sources */,
				6E8D5A1826252E6B001A0E5B /* PreferencesKeys.swift in Sources */,
				6E8D5A2026253FE6001A0E5B /* AddGeotificationViewController.swift in Sources */,
				6E673BA226156A08006F7619 /* APIResponse.swift in Sources */,
				6E61C6DB261D504F00A37227 /* ModelAssembly.swift in Sources */,
				6E465D2126143A9F00F43C87 /* AppDelegate.swift in Sources */,
				6E8D5A1226252A5A001A0E5B /* GeotificationsViewModeling.swift in Sources */,
				6E8D5A0F26252A42001A0E5B /* GeotificationsViewController.swift in Sources */,
				6E673BA326156A08006F7619 /* AlamoNetwork.swift in Sources */,
				6E61C6D4261D490F00A37227 /* ViewModelAssembly.swift in Sources */,
				2756B46C265B4655005A4F60 /* RegisterCompleteViewController.swift in Sources */,
				6E0FB100261FE73300D00951 /* AnotherViewModeling.swift in Sources */,
				6E465D2326143A9F00F43C87 /* SceneDelegate.swift in Sources */,
				2756B4682657A15D005A4F60 /* BKPagingSlider.swift in Sources */,
				6E61C6DE261D505D00A37227 /* ViewAssembly.swift in Sources */,
				6E8D5A2626254026001A0E5B /* AddGeotificationViewModel.swift in Sources */,
				6E673BAF2615B1AA006F7619 /* HelperAssembly.swift in Sources */,
				6E61C6D7261D4A2500A37227 /* DependencyProvider.swift in Sources */,
				6E8D5A2926258A11001A0E5B /* Utilities.swift in Sources */,
				6E0FB10E261FF22D00D00951 /* AlamoViewModel.swift in Sources */,
			);
			runOnlyForDeploymentPostprocessing = 0;
		};
/* End PBXSourcesBuildPhase section */

/* Begin PBXVariantGroup section */
		6E465D2626143A9F00F43C87 /* Main.storyboard */ = {
			isa = PBXVariantGroup;
			children = (
				6E465D2726143A9F00F43C87 /* Base */,
			);
			name = Main.storyboard;
			sourceTree = "<group>";
		};
		6E465D2B26143A9F00F43C87 /* LaunchScreen.storyboard */ = {
			isa = PBXVariantGroup;
			children = (
				6E465D2C26143A9F00F43C87 /* Base */,
			);
			name = LaunchScreen.storyboard;
			sourceTree = "<group>";
		};
/* End PBXVariantGroup section */

/* Begin XCBuildConfiguration section */
		6E465D2F26143A9F00F43C87 /* Debug */ = {
			isa = XCBuildConfiguration;
			buildSettings = {
				ALWAYS_SEARCH_USER_PATHS = NO;
				CLANG_ANALYZER_NONNULL = YES;
				CLANG_ANALYZER_NUMBER_OBJECT_CONVERSION = YES_AGGRESSIVE;
				CLANG_CXX_LANGUAGE_STANDARD = "gnu++14";
				CLANG_CXX_LIBRARY = "libc++";
				CLANG_ENABLE_MODULES = YES;
				CLANG_ENABLE_OBJC_ARC = YES;
				CLANG_ENABLE_OBJC_WEAK = YES;
				CLANG_WARN_BLOCK_CAPTURE_AUTORELEASING = YES;
				CLANG_WARN_BOOL_CONVERSION = YES;
				CLANG_WARN_COMMA = YES;
				CLANG_WARN_CONSTANT_CONVERSION = YES;
				CLANG_WARN_DEPRECATED_OBJC_IMPLEMENTATIONS = YES;
				CLANG_WARN_DIRECT_OBJC_ISA_USAGE = YES_ERROR;
				CLANG_WARN_DOCUMENTATION_COMMENTS = YES;
				CLANG_WARN_EMPTY_BODY = YES;
				CLANG_WARN_ENUM_CONVERSION = YES;
				CLANG_WARN_INFINITE_RECURSION = YES;
				CLANG_WARN_INT_CONVERSION = YES;
				CLANG_WARN_NON_LITERAL_NULL_CONVERSION = YES;
				CLANG_WARN_OBJC_IMPLICIT_RETAIN_SELF = YES;
				CLANG_WARN_OBJC_LITERAL_CONVERSION = YES;
				CLANG_WARN_OBJC_ROOT_CLASS = YES_ERROR;
				CLANG_WARN_QUOTED_INCLUDE_IN_FRAMEWORK_HEADER = YES;
				CLANG_WARN_RANGE_LOOP_ANALYSIS = YES;
				CLANG_WARN_STRICT_PROTOTYPES = YES;
				CLANG_WARN_SUSPICIOUS_MOVE = YES;
				CLANG_WARN_UNGUARDED_AVAILABILITY = YES_AGGRESSIVE;
				CLANG_WARN_UNREACHABLE_CODE = YES;
				CLANG_WARN__DUPLICATE_METHOD_MATCH = YES;
				COPY_PHASE_STRIP = NO;
				DEBUG_INFORMATION_FORMAT = dwarf;
				ENABLE_STRICT_OBJC_MSGSEND = YES;
				ENABLE_TESTABILITY = YES;
				GCC_C_LANGUAGE_STANDARD = gnu11;
				GCC_DYNAMIC_NO_PIC = NO;
				GCC_NO_COMMON_BLOCKS = YES;
				GCC_OPTIMIZATION_LEVEL = 0;
				GCC_PREPROCESSOR_DEFINITIONS = (
					"DEBUG=1",
					"$(inherited)",
				);
				GCC_WARN_64_TO_32_BIT_CONVERSION = YES;
				GCC_WARN_ABOUT_RETURN_TYPE = YES_ERROR;
				GCC_WARN_UNDECLARED_SELECTOR = YES;
				GCC_WARN_UNINITIALIZED_AUTOS = YES_AGGRESSIVE;
				GCC_WARN_UNUSED_FUNCTION = YES;
				GCC_WARN_UNUSED_VARIABLE = YES;
				IPHONEOS_DEPLOYMENT_TARGET = 14.4;
				MTL_ENABLE_DEBUG_INFO = INCLUDE_SOURCE;
				MTL_FAST_MATH = YES;
				ONLY_ACTIVE_ARCH = YES;
				SDKROOT = iphoneos;
				SWIFT_ACTIVE_COMPILATION_CONDITIONS = DEBUG;
				SWIFT_OPTIMIZATION_LEVEL = "-Onone";
			};
			name = Debug;
		};
		6E465D3026143A9F00F43C87 /* Release */ = {
			isa = XCBuildConfiguration;
			buildSettings = {
				ALWAYS_SEARCH_USER_PATHS = NO;
				CLANG_ANALYZER_NONNULL = YES;
				CLANG_ANALYZER_NUMBER_OBJECT_CONVERSION = YES_AGGRESSIVE;
				CLANG_CXX_LANGUAGE_STANDARD = "gnu++14";
				CLANG_CXX_LIBRARY = "libc++";
				CLANG_ENABLE_MODULES = YES;
				CLANG_ENABLE_OBJC_ARC = YES;
				CLANG_ENABLE_OBJC_WEAK = YES;
				CLANG_WARN_BLOCK_CAPTURE_AUTORELEASING = YES;
				CLANG_WARN_BOOL_CONVERSION = YES;
				CLANG_WARN_COMMA = YES;
				CLANG_WARN_CONSTANT_CONVERSION = YES;
				CLANG_WARN_DEPRECATED_OBJC_IMPLEMENTATIONS = YES;
				CLANG_WARN_DIRECT_OBJC_ISA_USAGE = YES_ERROR;
				CLANG_WARN_DOCUMENTATION_COMMENTS = YES;
				CLANG_WARN_EMPTY_BODY = YES;
				CLANG_WARN_ENUM_CONVERSION = YES;
				CLANG_WARN_INFINITE_RECURSION = YES;
				CLANG_WARN_INT_CONVERSION = YES;
				CLANG_WARN_NON_LITERAL_NULL_CONVERSION = YES;
				CLANG_WARN_OBJC_IMPLICIT_RETAIN_SELF = YES;
				CLANG_WARN_OBJC_LITERAL_CONVERSION = YES;
				CLANG_WARN_OBJC_ROOT_CLASS = YES_ERROR;
				CLANG_WARN_QUOTED_INCLUDE_IN_FRAMEWORK_HEADER = YES;
				CLANG_WARN_RANGE_LOOP_ANALYSIS = YES;
				CLANG_WARN_STRICT_PROTOTYPES = YES;
				CLANG_WARN_SUSPICIOUS_MOVE = YES;
				CLANG_WARN_UNGUARDED_AVAILABILITY = YES_AGGRESSIVE;
				CLANG_WARN_UNREACHABLE_CODE = YES;
				CLANG_WARN__DUPLICATE_METHOD_MATCH = YES;
				COPY_PHASE_STRIP = NO;
				DEBUG_INFORMATION_FORMAT = "dwarf-with-dsym";
				ENABLE_NS_ASSERTIONS = NO;
				ENABLE_STRICT_OBJC_MSGSEND = YES;
				GCC_C_LANGUAGE_STANDARD = gnu11;
				GCC_NO_COMMON_BLOCKS = YES;
				GCC_WARN_64_TO_32_BIT_CONVERSION = YES;
				GCC_WARN_ABOUT_RETURN_TYPE = YES_ERROR;
				GCC_WARN_UNDECLARED_SELECTOR = YES;
				GCC_WARN_UNINITIALIZED_AUTOS = YES_AGGRESSIVE;
				GCC_WARN_UNUSED_FUNCTION = YES;
				GCC_WARN_UNUSED_VARIABLE = YES;
				IPHONEOS_DEPLOYMENT_TARGET = 14.4;
				MTL_ENABLE_DEBUG_INFO = NO;
				MTL_FAST_MATH = YES;
				SDKROOT = iphoneos;
				SWIFT_COMPILATION_MODE = wholemodule;
				SWIFT_OPTIMIZATION_LEVEL = "-O";
				VALIDATE_PRODUCT = YES;
			};
			name = Release;
		};
		6E465D3226143A9F00F43C87 /* Debug */ = {
			isa = XCBuildConfiguration;
			baseConfigurationReference = 6A2CE8AFE850C89B46B15B36 /* Pods-DI_Test.debug.xcconfig */;
			buildSettings = {
				ASSETCATALOG_COMPILER_APPICON_NAME = AppIcon;
				ASSETCATALOG_COMPILER_GLOBAL_ACCENT_COLOR_NAME = AccentColor;
				CODE_SIGN_STYLE = Automatic;
				DEVELOPMENT_TEAM = HF2258R5F5;
				INFOPLIST_FILE = DI_Test/Info.plist;
				LD_RUNPATH_SEARCH_PATHS = (
					"$(inherited)",
					"@executable_path/Frameworks",
				);
				PRODUCT_BUNDLE_IDENTIFIER = "com.winitech.DI-Test";
				PRODUCT_NAME = "$(TARGET_NAME)";
				SWIFT_VERSION = 5.0;
				TARGETED_DEVICE_FAMILY = "1,2";
			};
			name = Debug;
		};
		6E465D3326143A9F00F43C87 /* Release */ = {
			isa = XCBuildConfiguration;
			baseConfigurationReference = 331D724BB8A088D44402F043 /* Pods-DI_Test.release.xcconfig */;
			buildSettings = {
				ASSETCATALOG_COMPILER_APPICON_NAME = AppIcon;
				ASSETCATALOG_COMPILER_GLOBAL_ACCENT_COLOR_NAME = AccentColor;
				CODE_SIGN_STYLE = Automatic;
				DEVELOPMENT_TEAM = HF2258R5F5;
				INFOPLIST_FILE = DI_Test/Info.plist;
				LD_RUNPATH_SEARCH_PATHS = (
					"$(inherited)",
					"@executable_path/Frameworks",
				);
				PRODUCT_BUNDLE_IDENTIFIER = "com.winitech.DI-Test";
				PRODUCT_NAME = "$(TARGET_NAME)";
				SWIFT_VERSION = 5.0;
				TARGETED_DEVICE_FAMILY = "1,2";
			};
			name = Release;
		};
/* End XCBuildConfiguration section */

/* Begin XCConfigurationList section */
		6E465D1826143A9F00F43C87 /* Build configuration list for PBXProject "DI_Test" */ = {
			isa = XCConfigurationList;
			buildConfigurations = (
				6E465D2F26143A9F00F43C87 /* Debug */,
				6E465D3026143A9F00F43C87 /* Release */,
			);
			defaultConfigurationIsVisible = 0;
			defaultConfigurationName = Release;
		};
		6E465D3126143A9F00F43C87 /* Build configuration list for PBXNativeTarget "DI_Test" */ = {
			isa = XCConfigurationList;
			buildConfigurations = (
				6E465D3226143A9F00F43C87 /* Debug */,
				6E465D3326143A9F00F43C87 /* Release */,
			);
			defaultConfigurationIsVisible = 0;
			defaultConfigurationName = Release;
		};
/* End XCConfigurationList section */
	};
	rootObject = 6E465D1526143A9F00F43C87 /* Project object */;
}
